Microsoft Visual Studio Solution File, Format Version 12.00
# Visual Studio Version 17
VisualStudioVersion = 17.0.31903.59
MinimumVisualStudioVersion = 10.0.40219.1
Project("{9A19103F-16F7-4668-BE54-9A1E7A4F7556}") = "Sona.Compiler", "Sona.Compiler\Sona.Compiler.csproj", "{C3ED9A4A-B4C1-4334-8748-5091C3E72D06}"
EndProject
Project("{6EC3EE1D-3C4E-46DD-8F32-0CC8E7565705}") = "Sona.Runtime", "Sona.Runtime\Sona.Runtime.fsproj", "{37C28822-4D77-49E9-8B21-D4B136701F16}"
EndProject
Project("{9A19103F-16F7-4668-BE54-9A1E7A4F7556}") = "Sona.Compiler.Tests", "Sona.Compiler.Tests\Sona.Compiler.Tests.csproj", "{9D9F4B8A-64B2-4608-9DED-C70820AD3A6B}"
EndProject
Project("{9A19103F-16F7-4668-BE54-9A1E7A4F7556}") = "Sona.Compiler.Grammar.Generator", "Sona.Compiler.Grammar.Generator\Sona.Compiler.Grammar.Generator.csproj", "{EC00466E-E914-4806-A197-60A28FD53AFD}"
EndProject
Project("{9A19103F-16F7-4668-BE54-9A1E7A4F7556}") = "Sona.Compiler.Gui", "Sona.Compiler.Gui\Sona.Compiler.Gui.csproj", "{82C36DC6-E3E3-4B1A-B479-0FC1CAAA4DAD}"
EndProject
Project("{FAE04EC0-301F-11D3-BF4B-00C04F79EFBC}") = "Sona.Compiler.Tool", "Sona.Compiler.Tool\Sona.Compiler.Tool.csproj", "{C75CD402-6929-4E58-9F25-132E0793E769}"
EndProject
Global
	GlobalSection(SolutionConfigurationPlatforms) = preSolution
		Debug|Any CPU = Debug|Any CPU
		Release|Any CPU = Release|Any CPU
	EndGlobalSection
	GlobalSection(ProjectConfigurationPlatforms) = postSolution
		{C3ED9A4A-B4C1-4334-8748-5091C3E72D06}.Debug|Any CPU.ActiveCfg = Debug|Any CPU
		{C3ED9A4A-B4C1-4334-8748-5091C3E72D06}.Debug|Any CPU.Build.0 = Debug|Any CPU
		{C3ED9A4A-B4C1-4334-8748-5091C3E72D06}.Release|Any CPU.ActiveCfg = Release|Any CPU
		{C3ED9A4A-B4C1-4334-8748-5091C3E72D06}.Release|Any CPU.Build.0 = Release|Any CPU
		{37C28822-4D77-49E9-8B21-D4B136701F16}.Debug|Any CPU.ActiveCfg = Debug|Any CPU
		{37C28822-4D77-49E9-8B21-D4B136701F16}.Debug|Any CPU.Build.0 = Debug|Any CPU
		{37C28822-4D77-49E9-8B21-D4B136701F16}.Release|Any CPU.ActiveCfg = Release|Any CPU
		{37C28822-4D77-49E9-8B21-D4B136701F16}.Release|Any CPU.Build.0 = Release|Any CPU
		{9D9F4B8A-64B2-4608-9DED-C70820AD3A6B}.Debug|Any CPU.ActiveCfg = Debug|Any CPU
		{9D9F4B8A-64B2-4608-9DED-C70820AD3A6B}.Debug|Any CPU.Build.0 = Debug|Any CPU
		{9D9F4B8A-64B2-4608-9DED-C70820AD3A6B}.Release|Any CPU.ActiveCfg = Release|Any CPU
		{9D9F4B8A-64B2-4608-9DED-C70820AD3A6B}.Release|Any CPU.Build.0 = Release|Any CPU
		{EC00466E-E914-4806-A197-60A28FD53AFD}.Debug|Any CPU.ActiveCfg = Debug|Any CPU
		{EC00466E-E914-4806-A197-60A28FD53AFD}.Debug|Any CPU.Build.0 = Debug|Any CPU
		{EC00466E-E914-4806-A197-60A28FD53AFD}.Release|Any CPU.ActiveCfg = Release|Any CPU
		{EC00466E-E914-4806-A197-60A28FD53AFD}.Release|Any CPU.Build.0 = Release|Any CPU
		{82C36DC6-E3E3-4B1A-B479-0FC1CAAA4DAD}.Debug|Any CPU.ActiveCfg = Debug|Any CPU
		{82C36DC6-E3E3-4B1A-B479-0FC1CAAA4DAD}.Debug|Any CPU.Build.0 = Debug|Any CPU
		{82C36DC6-E3E3-4B1A-B479-0FC1CAAA4DAD}.Release|Any CPU.ActiveCfg = Release|Any CPU
		{82C36DC6-E3E3-4B1A-B479-0FC1CAAA4DAD}.Release|Any CPU.Build.0 = Release|Any CPU
		{C75CD402-6929-4E58-9F25-132E0793E769}.Debug|Any CPU.ActiveCfg = Debug|Any CPU
		{C75CD402-6929-4E58-9F25-132E0793E769}.Debug|Any CPU.Build.0 = Debug|Any CPU
		{C75CD402-6929-4E58-9F25-132E0793E769}.Release|Any CPU.ActiveCfg = Release|Any CPU
		{C75CD402-6929-4E58-9F25-132E0793E769}.Release|Any CPU.Build.0 = Release|Any CPU
	EndGlobalSection
	GlobalSection(SolutionProperties) = preSolution
		HideSolutionNode = FALSE
	EndGlobalSection
	GlobalSection(ExtensibilityGlobals) = postSolution
		SolutionGuid = {BA8F6A85-1D05-4C4A-B974-2953A9B28AEB}
	EndGlobalSection
EndGlobal
